
Microsoft Visual Studio Solution File, Format Version 12.00
# Visual Studio Version 16
VisualStudioVersion = 25.0.1700.0
MinimumVisualStudioVersion = 10.0.40219.1
Project("{FAE04EC0-301F-11D3-BF4B-00C04F79EFBC}") = "P2", "P2.csproj", "{5BED7567-61B1-4A25-A8A7-F6C51C100A3D}"
EndProject
Global
	GlobalSection(SolutionConfigurationPlatforms) = preSolution
		Debug|Any CPU = Debug|Any CPU
		Release|Any CPU = Release|Any CPU
	EndGlobalSection
	GlobalSection(ProjectConfigurationPlatforms) = postSolution
		{5BED7567-61B1-4A25-A8A7-F6C51C100A3D}.Debug|Any CPU.ActiveCfg = Debug|Any CPU
		{5BED7567-61B1-4A25-A8A7-F6C51C100A3D}.Debug|Any CPU.Build.0 = Debug|Any CPU
		{5BED7567-61B1-4A25-A8A7-F6C51C100A3D}.Release|Any CPU.ActiveCfg = Release|Any CPU
		{5BED7567-61B1-4A25-A8A7-F6C51C100A3D}.Release|Any CPU.Build.0 = Release|Any CPU
	EndGlobalSection
	GlobalSection(SolutionProperties) = preSolution
		HideSolutionNode = FALSE
	EndGlobalSection
	GlobalSection(ExtensibilityGlobals) = postSolution
		SolutionGuid = {8EFA0022-08A5-4476-9EDE-EAF62DB92B0C}
	EndGlobalSection
EndGlobal
